
Microsoft Visual Studio Solution File, Format Version 12.00
# Visual Studio Version 17
VisualStudioVersion = 17.5.002.0
MinimumVisualStudioVersion = 10.0.40219.1
Project("{9A19103F-16F7-4668-BE54-9A1E7A4F7556}") = "GreatIdeas.Blazor", "GreatIdeas.Blazor\GreatIdeas.Blazor.csproj", "{2C460D11-2E99-4784-9526-BA2A523CB08B}"
EndProject
Project("{9A19103F-16F7-4668-BE54-9A1E7A4F7556}") = "GreatIdeas.Blazor.MudComponents", "GreatIdeas.Blazor.MudComponents\GreatIdeas.Blazor.MudComponents.csproj", "{F908F9DE-5A03-49B2-97BB-8C78D7EECE0F}"
EndProject
Project("{9A19103F-16F7-4668-BE54-9A1E7A4F7556}") = "GreatIdeas.Blazored.FluentValidation", "GreatIdeas.Blazored.FluentValidation\GreatIdeas.Blazored.FluentValidation.csproj", "{AAC67F49-C36D-4DB5-AC11-7755A12C5A8B}"
EndProject
Project("{9A19103F-16F7-4668-BE54-9A1E7A4F7556}") = "GreatIdeas.Extensions", "GreatIdeas.Extensions\GreatIdeas.Extensions.csproj", "{DEA33E58-CB47-420D-954C-FF818EAB1530}"
EndProject
Project("{9A19103F-16F7-4668-BE54-9A1E7A4F7556}") = "GreatIdeas.Extensions.AspNetCore", "GreatIdeas.Extensions.AspNetCore\GreatIdeas.Extensions.AspNetCore.csproj", "{FF310C53-91DD-47A6-8A89-94C36D33EF43}"
EndProject
Project("{9A19103F-16F7-4668-BE54-9A1E7A4F7556}") = "GreatIdeas.Logging", "GreatIdeas.Logging\GreatIdeas.Logging.csproj", "{11CE5D5A-94E9-4BAB-AD06-163A53A6A753}"
EndProject
Project("{9A19103F-16F7-4668-BE54-9A1E7A4F7556}") = "GreatIdeas.MailServices", "GreatIdeas.MailServices\GreatIdeas.MailServices.csproj", "{C2B824E5-0D1B-4DBF-B38D-CAB48F5DF214}"
EndProject
Project("{9A19103F-16F7-4668-BE54-9A1E7A4F7556}") = "GreatIdeas.MailServices.MsGraph", "GreatIdeas.MailServices.MsGraph\GreatIdeas.MailServices.MsGraph.csproj", "{CAFD1D85-32A0-4B2A-ADC1-C8229A2BD512}"
EndProject
Project("{9A19103F-16F7-4668-BE54-9A1E7A4F7556}") = "GreatIdeas.Repository", "GreatIdeas.Repository\GreatIdeas.Repository.csproj", "{391AAB60-6E5A-4DBD-88DC-9CC914C25B71}"
EndProject
Global
	GlobalSection(SolutionConfigurationPlatforms) = preSolution
		Debug|Any CPU = Debug|Any CPU
		Release|Any CPU = Release|Any CPU
	EndGlobalSection
	GlobalSection(ProjectConfigurationPlatforms) = postSolution
		{2C460D11-2E99-4784-9526-BA2A523CB08B}.Debug|Any CPU.ActiveCfg = Debug|Any CPU
		{2C460D11-2E99-4784-9526-BA2A523CB08B}.Debug|Any CPU.Build.0 = Debug|Any CPU
		{2C460D11-2E99-4784-9526-BA2A523CB08B}.Release|Any CPU.ActiveCfg = Release|Any CPU
		{2C460D11-2E99-4784-9526-BA2A523CB08B}.Release|Any CPU.Build.0 = Release|Any CPU
		{F908F9DE-5A03-49B2-97BB-8C78D7EECE0F}.Debug|Any CPU.ActiveCfg = Debug|Any CPU
		{F908F9DE-5A03-49B2-97BB-8C78D7EECE0F}.Debug|Any CPU.Build.0 = Debug|Any CPU
		{F908F9DE-5A03-49B2-97BB-8C78D7EECE0F}.Release|Any CPU.ActiveCfg = Release|Any CPU
		{F908F9DE-5A03-49B2-97BB-8C78D7EECE0F}.Release|Any CPU.Build.0 = Release|Any CPU
		{AAC67F49-C36D-4DB5-AC11-7755A12C5A8B}.Debug|Any CPU.ActiveCfg = Debug|Any CPU
		{AAC67F49-C36D-4DB5-AC11-7755A12C5A8B}.Debug|Any CPU.Build.0 = Debug|Any CPU
		{AAC67F49-C36D-4DB5-AC11-7755A12C5A8B}.Release|Any CPU.ActiveCfg = Release|Any CPU
		{AAC67F49-C36D-4DB5-AC11-7755A12C5A8B}.Release|Any CPU.Build.0 = Release|Any CPU
		{DEA33E58-CB47-420D-954C-FF818EAB1530}.Debug|Any CPU.ActiveCfg = Debug|Any CPU
		{DEA33E58-CB47-420D-954C-FF818EAB1530}.Debug|Any CPU.Build.0 = Debug|Any CPU
		{DEA33E58-CB47-420D-954C-FF818EAB1530}.Release|Any CPU.ActiveCfg = Release|Any CPU
		{DEA33E58-CB47-420D-954C-FF818EAB1530}.Release|Any CPU.Build.0 = Release|Any CPU
		{FF310C53-91DD-47A6-8A89-94C36D33EF43}.Debug|Any CPU.ActiveCfg = Debug|Any CPU
		{FF310C53-91DD-47A6-8A89-94C36D33EF43}.Debug|Any CPU.Build.0 = Debug|Any CPU
		{FF310C53-91DD-47A6-8A89-94C36D33EF43}.Release|Any CPU.ActiveCfg = Release|Any CPU
		{FF310C53-91DD-47A6-8A89-94C36D33EF43}.Release|Any CPU.Build.0 = Release|Any CPU
		{11CE5D5A-94E9-4BAB-AD06-163A53A6A753}.Debug|Any CPU.ActiveCfg = Debug|Any CPU
		{11CE5D5A-94E9-4BAB-AD06-163A53A6A753}.Debug|Any CPU.Build.0 = Debug|Any CPU
		{11CE5D5A-94E9-4BAB-AD06-163A53A6A753}.Release|Any CPU.ActiveCfg = Release|Any CPU
		{11CE5D5A-94E9-4BAB-AD06-163A53A6A753}.Release|Any CPU.Build.0 = Release|Any CPU
		{C2B824E5-0D1B-4DBF-B38D-CAB48F5DF214}.Debug|Any CPU.ActiveCfg = Debug|Any CPU
		{C2B824E5-0D1B-4DBF-B38D-CAB48F5DF214}.Debug|Any CPU.Build.0 = Debug|Any CPU
		{C2B824E5-0D1B-4DBF-B38D-CAB48F5DF214}.Release|Any CPU.ActiveCfg = Release|Any CPU
		{C2B824E5-0D1B-4DBF-B38D-CAB48F5DF214}.Release|Any CPU.Build.0 = Release|Any CPU
		{CAFD1D85-32A0-4B2A-ADC1-C8229A2BD512}.Debug|Any CPU.ActiveCfg = Debug|Any CPU
		{CAFD1D85-32A0-4B2A-ADC1-C8229A2BD512}.Debug|Any CPU.Build.0 = Debug|Any CPU
		{CAFD1D85-32A0-4B2A-ADC1-C8229A2BD512}.Release|Any CPU.ActiveCfg = Release|Any CPU
		{CAFD1D85-32A0-4B2A-ADC1-C8229A2BD512}.Release|Any CPU.Build.0 = Release|Any CPU
		{391AAB60-6E5A-4DBD-88DC-9CC914C25B71}.Debug|Any CPU.ActiveCfg = Debug|Any CPU
		{391AAB60-6E5A-4DBD-88DC-9CC914C25B71}.Debug|Any CPU.Build.0 = Debug|Any CPU
		{391AAB60-6E5A-4DBD-88DC-9CC914C25B71}.Release|Any CPU.ActiveCfg = Release|Any CPU
		{391AAB60-6E5A-4DBD-88DC-9CC914C25B71}.Release|Any CPU.Build.0 = Release|Any CPU
	EndGlobalSection
	GlobalSection(SolutionProperties) = preSolution
		HideSolutionNode = FALSE
	EndGlobalSection
	GlobalSection(ExtensibilityGlobals) = postSolution
		SolutionGuid = {0F08B856-6F23-4D19-95A0-4BA1757FD04A}
	EndGlobalSection
EndGlobal
